
Microsoft Visual Studio Solution File, Format Version 12.00
# Visual Studio Version 17
VisualStudioVersion = 17.11.35327.3
MinimumVisualStudioVersion = 10.0.40219.1
Project("{9A19103F-16F7-4668-BE54-9A1E7A4F7556}") = "EducationPlatform.Api", "EducationPlatform.Api\EducationPlatform.Api.csproj", "{EDAF339E-DCB1-4CA8-89BF-1701C2C71085}"
EndProject
Project("{9A19103F-16F7-4668-BE54-9A1E7A4F7556}") = "EducationPlatform.Application", "EducationPlatform.Application\EducationPlatform.Application.csproj", "{082DDC9F-A36C-4E6D-8857-AA5CFC28371F}"
EndProject
Project("{9A19103F-16F7-4668-BE54-9A1E7A4F7556}") = "EducationPlatform.Domain", "EducationPlatform.Domain\EducationPlatform.Domain.csproj", "{32F5D9FA-92D6-4334-8EDE-4C459D032DEA}"
EndProject
Project("{9A19103F-16F7-4668-BE54-9A1E7A4F7556}") = "EducationPlatform.Infrastructure", "EducationPlatform.Infrastructure\EducationPlatform.Infrastructure.csproj", "{EDE06594-EC69-4CF9-9CD3-DCE957138E27}"
EndProject
Project("{9A19103F-16F7-4668-BE54-9A1E7A4F7556}") = "EducationPlatform.Persistence", "EducationPlatform.Persistence\EducationPlatform.Persistence.csproj", "{53C72449-115E-4DD9-9AC1-723E7BA2235B}"
EndProject
Project("{FAE04EC0-301F-11D3-BF4B-00C04F79EFBC}") = "EducationPlatform.Dto", "EducationPlatform.Dto\EducationPlatform.Dto.csproj", "{870E0986-816B-4372-9CBB-C2A26EFD510A}"
EndProject
Project("{FAE04EC0-301F-11D3-BF4B-00C04F79EFBC}") = "EducationPlatform.WebUI", "EducationPlatform.WebUI\EducationPlatform.WebUI.csproj", "{A7D12776-0C29-4CAA-9926-C33BEF7F17BA}"
EndProject
Global
	GlobalSection(SolutionConfigurationPlatforms) = preSolution
		Debug|Any CPU = Debug|Any CPU
		Release|Any CPU = Release|Any CPU
	EndGlobalSection
	GlobalSection(ProjectConfigurationPlatforms) = postSolution
		{EDAF339E-DCB1-4CA8-89BF-1701C2C71085}.Debug|Any CPU.ActiveCfg = Debug|Any CPU
		{EDAF339E-DCB1-4CA8-89BF-1701C2C71085}.Debug|Any CPU.Build.0 = Debug|Any CPU
		{EDAF339E-DCB1-4CA8-89BF-1701C2C71085}.Release|Any CPU.ActiveCfg = Release|Any CPU
		{EDAF339E-DCB1-4CA8-89BF-1701C2C71085}.Release|Any CPU.Build.0 = Release|Any CPU
		{082DDC9F-A36C-4E6D-8857-AA5CFC28371F}.Debug|Any CPU.ActiveCfg = Debug|Any CPU
		{082DDC9F-A36C-4E6D-8857-AA5CFC28371F}.Debug|Any CPU.Build.0 = Debug|Any CPU
		{082DDC9F-A36C-4E6D-8857-AA5CFC28371F}.Release|Any CPU.ActiveCfg = Release|Any CPU
		{082DDC9F-A36C-4E6D-8857-AA5CFC28371F}.Release|Any CPU.Build.0 = Release|Any CPU
		{32F5D9FA-92D6-4334-8EDE-4C459D032DEA}.Debug|Any CPU.ActiveCfg = Debug|Any CPU
		{32F5D9FA-92D6-4334-8EDE-4C459D032DEA}.Debug|Any CPU.Build.0 = Debug|Any CPU
		{32F5D9FA-92D6-4334-8EDE-4C459D032DEA}.Release|Any CPU.ActiveCfg = Release|Any CPU
		{32F5D9FA-92D6-4334-8EDE-4C459D032DEA}.Release|Any CPU.Build.0 = Release|Any CPU
		{EDE06594-EC69-4CF9-9CD3-DCE957138E27}.Debug|Any CPU.ActiveCfg = Debug|Any CPU
		{EDE06594-EC69-4CF9-9CD3-DCE957138E27}.Debug|Any CPU.Build.0 = Debug|Any CPU
		{EDE06594-EC69-4CF9-9CD3-DCE957138E27}.Release|Any CPU.ActiveCfg = Release|Any CPU
		{EDE06594-EC69-4CF9-9CD3-DCE957138E27}.Release|Any CPU.Build.0 = Release|Any CPU
		{53C72449-115E-4DD9-9AC1-723E7BA2235B}.Debug|Any CPU.ActiveCfg = Debug|Any CPU
		{53C72449-115E-4DD9-9AC1-723E7BA2235B}.Debug|Any CPU.Build.0 = Debug|Any CPU
		{53C72449-115E-4DD9-9AC1-723E7BA2235B}.Release|Any CPU.ActiveCfg = Release|Any CPU
		{53C72449-115E-4DD9-9AC1-723E7BA2235B}.Release|Any CPU.Build.0 = Release|Any CPU
		{870E0986-816B-4372-9CBB-C2A26EFD510A}.Debug|Any CPU.ActiveCfg = Debug|Any CPU
		{870E0986-816B-4372-9CBB-C2A26EFD510A}.Debug|Any CPU.Build.0 = Debug|Any CPU
		{870E0986-816B-4372-9CBB-C2A26EFD510A}.Release|Any CPU.ActiveCfg = Release|Any CPU
		{870E0986-816B-4372-9CBB-C2A26EFD510A}.Release|Any CPU.Build.0 = Release|Any CPU
		{A7D12776-0C29-4CAA-9926-C33BEF7F17BA}.Debug|Any CPU.ActiveCfg = Debug|Any CPU
		{A7D12776-0C29-4CAA-9926-C33BEF7F17BA}.Debug|Any CPU.Build.0 = Debug|Any CPU
		{A7D12776-0C29-4CAA-9926-C33BEF7F17BA}.Release|Any CPU.ActiveCfg = Release|Any CPU
		{A7D12776-0C29-4CAA-9926-C33BEF7F17BA}.Release|Any CPU.Build.0 = Release|Any CPU
	EndGlobalSection
	GlobalSection(SolutionProperties) = preSolution
		HideSolutionNode = FALSE
	EndGlobalSection
	GlobalSection(ExtensibilityGlobals) = postSolution
		SolutionGuid = {86C3236E-3AE1-4E4D-8C0E-539D38811B00}
	EndGlobalSection
EndGlobal
